# This file is automatically @generated by Poetry and should not be changed by hand.

[[package]]
name = "black"
version = "22.12.0"
description = "The uncompromising code formatter."
category = "dev"
optional = false
python-versions = ">=3.7"
files = [
    {file = "black-22.12.0-cp310-cp310-manylinux_2_17_x86_64.manylinux2014_x86_64.whl", hash = "sha256:9eedd20838bd5d75b80c9f5487dbcb06836a43833a37846cf1d8c1cc01cef59d"},
    {file = "black-22.12.0-cp310-cp310-win_amd64.whl", hash = "sha256:159a46a4947f73387b4d83e87ea006dbb2337eab6c879620a3ba52699b1f4351"},
    {file = "black-22.12.0-cp311-cp311-manylinux_2_17_x86_64.manylinux2014_x86_64.whl", hash = "sha256:d30b212bffeb1e252b31dd269dfae69dd17e06d92b87ad26e23890f3efea366f"},
    {file = "black-22.12.0-cp311-cp311-win_amd64.whl", hash = "sha256:7412e75863aa5c5411886804678b7d083c7c28421210180d67dfd8cf1221e1f4"},
    {file = "black-22.12.0-cp37-cp37m-manylinux_2_17_x86_64.manylinux2014_x86_64.whl", hash = "sha256:c116eed0efb9ff870ded8b62fe9f28dd61ef6e9ddd28d83d7d264a38417dcee2"},
    {file = "black-22.12.0-cp37-cp37m-win_amd64.whl", hash = "sha256:1f58cbe16dfe8c12b7434e50ff889fa479072096d79f0a7f25e4ab8e94cd8350"},
    {file = "black-22.12.0-cp38-cp38-manylinux_2_17_x86_64.manylinux2014_x86_64.whl", hash = "sha256:77d86c9f3db9b1bf6761244bc0b3572a546f5fe37917a044e02f3166d5aafa7d"},
    {file = "black-22.12.0-cp38-cp38-win_amd64.whl", hash = "sha256:82d9fe8fee3401e02e79767016b4907820a7dc28d70d137eb397b92ef3cc5bfc"},
    {file = "black-22.12.0-cp39-cp39-manylinux_2_17_x86_64.manylinux2014_x86_64.whl", hash = "sha256:101c69b23df9b44247bd88e1d7e90154336ac4992502d4197bdac35dd7ee3320"},
    {file = "black-22.12.0-cp39-cp39-win_amd64.whl", hash = "sha256:559c7a1ba9a006226f09e4916060982fd27334ae1998e7a38b3f33a37f7a2148"},
    {file = "black-22.12.0-py3-none-any.whl", hash = "sha256:436cc9167dd28040ad90d3b404aec22cedf24a6e4d7de221bec2730ec0c97bcf"},
    {file = "black-22.12.0.tar.gz", hash = "sha256:229351e5a18ca30f447bf724d007f890f97e13af070bb6ad4c0a441cd7596a2f"},
]

[package.dependencies]
click = ">=8.0.0"
mypy-extensions = ">=0.4.3"
pathspec = ">=0.9.0"
platformdirs = ">=2"
tomli = {version = ">=1.1.0", markers = "python_full_version < \"3.11.0a7\""}
typing-extensions = {version = ">=3.10.0.0", markers = "python_version < \"3.10\""}

[package.extras]
colorama = ["colorama (>=0.4.3)"]
d = ["aiohttp (>=3.7.4)"]
jupyter = ["ipython (>=7.8.0)", "tokenize-rt (>=3.2.0)"]
uvloop = ["uvloop (>=0.15.2)"]

[[package]]
name = "click"
version = "8.1.3"
description = "Composable command line interface toolkit"
category = "main"
optional = false
python-versions = ">=3.7"
files = [
    {file = "click-8.1.3-py3-none-any.whl", hash = "sha256:bb4d8133cb15a609f44e8213d9b391b0809795062913b383c62be0ee95b1db48"},
    {file = "click-8.1.3.tar.gz", hash = "sha256:7682dc8afb30297001674575ea00d1814d808d6a36af415a82bd481d37ba7b8e"},
]

[package.dependencies]
colorama = {version = "*", markers = "platform_system == \"Windows\""}

[[package]]
name = "colorama"
version = "0.4.6"
description = "Cross-platform colored terminal text."
category = "main"
optional = false
python-versions = "!=3.0.*,!=3.1.*,!=3.2.*,!=3.3.*,!=3.4.*,!=3.5.*,!=3.6.*,>=2.7"
files = [
    {file = "colorama-0.4.6-py2.py3-none-any.whl", hash = "sha256:4f1d9991f5acc0ca119f9d443620b77f9d6b33703e51011c16baf57afb285fc6"},
    {file = "colorama-0.4.6.tar.gz", hash = "sha256:08695f5cb7ed6e0531a20572697297273c47b8cae5a63ffc6d6ed5c201be6e44"},
]

[[package]]
name = "flake8"
version = "4.0.1"
description = "the modular source code checker: pep8 pyflakes and co"
category = "dev"
optional = false
python-versions = ">=3.6"
files = [
    {file = "flake8-4.0.1-py2.py3-none-any.whl", hash = "sha256:479b1304f72536a55948cb40a32dce8bb0ffe3501e26eaf292c7e60eb5e0428d"},
    {file = "flake8-4.0.1.tar.gz", hash = "sha256:806e034dda44114815e23c16ef92f95c91e4c71100ff52813adf7132a6ad870d"},
]

[package.dependencies]
mccabe = ">=0.6.0,<0.7.0"
pycodestyle = ">=2.8.0,<2.9.0"
pyflakes = ">=2.4.0,<2.5.0"

[[package]]
name = "flake8-polyfill"
version = "1.0.2"
description = "Polyfill package for Flake8 plugins"
category = "dev"
optional = false
python-versions = "*"
files = [
    {file = "flake8-polyfill-1.0.2.tar.gz", hash = "sha256:e44b087597f6da52ec6393a709e7108b2905317d0c0b744cdca6208e670d8eda"},
    {file = "flake8_polyfill-1.0.2-py2.py3-none-any.whl", hash = "sha256:12be6a34ee3ab795b19ca73505e7b55826d5f6ad7230d31b18e106400169b9e9"},
]

[package.dependencies]
flake8 = "*"

[[package]]
name = "isort"
version = "5.12.0"
description = "A Python utility / library to sort Python imports."
category = "dev"
optional = false
python-versions = ">=3.8.0"
files = [
    {file = "isort-5.12.0-py3-none-any.whl", hash = "sha256:f84c2818376e66cf843d497486ea8fed8700b340f308f076c6fb1229dff318b6"},
    {file = "isort-5.12.0.tar.gz", hash = "sha256:8bef7dde241278824a6d83f44a544709b065191b95b6e50894bdc722fcba0504"},
]

[package.extras]
colors = ["colorama (>=0.4.3)"]
pipfile-deprecated-finder = ["pip-shims (>=0.5.2)", "pipreqs", "requirementslib"]
plugins = ["setuptools"]
requirements-deprecated-finder = ["pip-api", "pipreqs"]

[[package]]
name = "kaleido"
version = "0.2.1"
description = "Static image export for web-based visualization libraries with zero dependencies"
category = "main"
optional = false
python-versions = "*"
files = [
    {file = "kaleido-0.2.1-py2.py3-none-macosx_10_11_x86_64.whl", hash = "sha256:ca6f73e7ff00aaebf2843f73f1d3bacde1930ef5041093fe76b83a15785049a7"},
    {file = "kaleido-0.2.1-py2.py3-none-macosx_11_0_arm64.whl", hash = "sha256:bb9a5d1f710357d5d432ee240ef6658a6d124c3e610935817b4b42da9c787c05"},
    {file = "kaleido-0.2.1-py2.py3-none-manylinux1_x86_64.whl", hash = "sha256:aa21cf1bf1c78f8fa50a9f7d45e1003c387bd3d6fe0a767cfbbf344b95bdc3a8"},
    {file = "kaleido-0.2.1-py2.py3-none-manylinux2014_aarch64.whl", hash = "sha256:845819844c8082c9469d9c17e42621fbf85c2b237ef8a86ec8a8527f98b6512a"},
    {file = "kaleido-0.2.1-py2.py3-none-win32.whl", hash = "sha256:ecc72635860be616c6b7161807a65c0dbd9b90c6437ac96965831e2e24066552"},
    {file = "kaleido-0.2.1-py2.py3-none-win_amd64.whl", hash = "sha256:4670985f28913c2d063c5734d125ecc28e40810141bdb0a46f15b76c1d45f23c"},
]

[[package]]
name = "mccabe"
version = "0.6.1"
description = "McCabe checker, plugin for flake8"
category = "dev"
optional = false
python-versions = "*"
files = [
    {file = "mccabe-0.6.1-py2.py3-none-any.whl", hash = "sha256:ab8a6258860da4b6677da4bd2fe5dc2c659cff31b3ee4f7f5d64e79735b80d42"},
    {file = "mccabe-0.6.1.tar.gz", hash = "sha256:dd8d182285a0fe56bace7f45b5e7d1a6ebcbf524e8f3bd87eb0f125271b8831f"},
]

[[package]]
name = "mypy-extensions"
version = "1.0.0"
description = "Type system extensions for programs checked with the mypy type checker."
category = "dev"
optional = false
python-versions = ">=3.5"
files = [
    {file = "mypy_extensions-1.0.0-py3-none-any.whl", hash = "sha256:4392f6c0eb8a5668a69e23d168ffa70f0be9ccfd32b5cc2d26a34ae5b844552d"},
    {file = "mypy_extensions-1.0.0.tar.gz", hash = "sha256:75dbf8955dc00442a438fc4d0666508a9a97b6bd41aa2f0ffe9d2f2725af0782"},
]

[[package]]
name = "natsort"
version = "7.1.1"
description = "Simple yet flexible natural sorting in Python."
category = "main"
optional = false
python-versions = ">=3.4"
files = [
    {file = "natsort-7.1.1-py3-none-any.whl", hash = "sha256:d0f4fc06ca163fa4a5ef638d9bf111c67f65eedcc7920f98dec08e489045b67e"},
    {file = "natsort-7.1.1.tar.gz", hash = "sha256:00c603a42365830c4722a2eb7663a25919551217ec09a243d3399fa8dd4ac403"},
]

[package.extras]
fast = ["fastnumbers (>=2.0.0)"]
icu = ["PyICU (>=1.0.0)"]

[[package]]
name = "numpy"
version = "1.24.2"
description = "Fundamental package for array computing in Python"
category = "main"
optional = false
python-versions = ">=3.8"
files = [
    {file = "numpy-1.24.2-cp310-cp310-macosx_10_9_x86_64.whl", hash = "sha256:eef70b4fc1e872ebddc38cddacc87c19a3709c0e3e5d20bf3954c147b1dd941d"},
    {file = "numpy-1.24.2-cp310-cp310-macosx_11_0_arm64.whl", hash = "sha256:e8d2859428712785e8a8b7d2b3ef0a1d1565892367b32f915c4a4df44d0e64f5"},
    {file = "numpy-1.24.2-cp310-cp310-manylinux_2_17_aarch64.manylinux2014_aarch64.whl", hash = "sha256:6524630f71631be2dabe0c541e7675db82651eb998496bbe16bc4f77f0772253"},
    {file = "numpy-1.24.2-cp310-cp310-manylinux_2_17_x86_64.manylinux2014_x86_64.whl", hash = "sha256:a51725a815a6188c662fb66fb32077709a9ca38053f0274640293a14fdd22978"},
    {file = "numpy-1.24.2-cp310-cp310-win32.whl", hash = "sha256:2620e8592136e073bd12ee4536149380695fbe9ebeae845b81237f986479ffc9"},
    {file = "numpy-1.24.2-cp310-cp310-win_amd64.whl", hash = "sha256:97cf27e51fa078078c649a51d7ade3c92d9e709ba2bfb97493007103c741f1d0"},
    {file = "numpy-1.24.2-cp311-cp311-macosx_10_9_x86_64.whl", hash = "sha256:7de8fdde0003f4294655aa5d5f0a89c26b9f22c0a58790c38fae1ed392d44a5a"},
    {file = "numpy-1.24.2-cp311-cp311-macosx_11_0_arm64.whl", hash = "sha256:4173bde9fa2a005c2c6e2ea8ac1618e2ed2c1c6ec8a7657237854d42094123a0"},
    {file = "numpy-1.24.2-cp311-cp311-manylinux_2_17_aarch64.manylinux2014_aarch64.whl", hash = "sha256:4cecaed30dc14123020f77b03601559fff3e6cd0c048f8b5289f4eeabb0eb281"},
    {file = "numpy-1.24.2-cp311-cp311-manylinux_2_17_x86_64.manylinux2014_x86_64.whl", hash = "sha256:9a23f8440561a633204a67fb44617ce2a299beecf3295f0d13c495518908e910"},
    {file = "numpy-1.24.2-cp311-cp311-win32.whl", hash = "sha256:e428c4fbfa085f947b536706a2fc349245d7baa8334f0c5723c56a10595f9b95"},
    {file = "numpy-1.24.2-cp311-cp311-win_amd64.whl", hash = "sha256:557d42778a6869c2162deb40ad82612645e21d79e11c1dc62c6e82a2220ffb04"},
    {file = "numpy-1.24.2-cp38-cp38-macosx_10_9_x86_64.whl", hash = "sha256:d0a2db9d20117bf523dde15858398e7c0858aadca7c0f088ac0d6edd360e9ad2"},
    {file = "numpy-1.24.2-cp38-cp38-macosx_11_0_arm64.whl", hash = "sha256:c72a6b2f4af1adfe193f7beb91ddf708ff867a3f977ef2ec53c0ffb8283ab9f5"},
    {file = "numpy-1.24.2-cp38-cp38-manylinux_2_17_aarch64.manylinux2014_aarch64.whl", hash = "sha256:c29e6bd0ec49a44d7690ecb623a8eac5ab8a923bce0bea6293953992edf3a76a"},
    {file = "numpy-1.24.2-cp38-cp38-manylinux_2_17_x86_64.manylinux2014_x86_64.whl", hash = "sha256:2eabd64ddb96a1239791da78fa5f4e1693ae2dadc82a76bc76a14cbb2b966e96"},
    {file = "numpy-1.24.2-cp38-cp38-win32.whl", hash = "sha256:e3ab5d32784e843fc0dd3ab6dcafc67ef806e6b6828dc6af2f689be0eb4d781d"},
    {file = "numpy-1.24.2-cp38-cp38-win_amd64.whl", hash = "sha256:76807b4063f0002c8532cfeac47a3068a69561e9c8715efdad3c642eb27c0756"},
    {file = "numpy-1.24.2-cp39-cp39-macosx_10_9_x86_64.whl", hash = "sha256:4199e7cfc307a778f72d293372736223e39ec9ac096ff0a2e64853b866a8e18a"},
    {file = "numpy-1.24.2-cp39-cp39-macosx_11_0_arm64.whl", hash = "sha256:adbdce121896fd3a17a77ab0b0b5eedf05a9834a18699db6829a64e1dfccca7f"},
    {file = "numpy-1.24.2-cp39-cp39-manylinux_2_17_aarch64.manylinux2014_aarch64.whl", hash = "sha256:889b2cc88b837d86eda1b17008ebeb679d82875022200c6e8e4ce6cf549b7acb"},
    {file = "numpy-1.24.2-cp39-cp39-manylinux_2_17_x86_64.manylinux2014_x86_64.whl", hash = "sha256:f64bb98ac59b3ea3bf74b02f13836eb2e24e48e0ab0145bbda646295769bd780"},
    {file = "numpy-1.24.2-cp39-cp39-win32.whl", hash = "sha256:63e45511ee4d9d976637d11e6c9864eae50e12dc9598f531c035265991910468"},
    {file = "numpy-1.24.2-cp39-cp39-win_amd64.whl", hash = "sha256:a77d3e1163a7770164404607b7ba3967fb49b24782a6ef85d9b5f54126cc39e5"},
    {file = "numpy-1.24.2-pp38-pypy38_pp73-macosx_10_9_x86_64.whl", hash = "sha256:92011118955724465fb6853def593cf397b4a1367495e0b59a7e69d40c4eb71d"},
    {file = "numpy-1.24.2-pp38-pypy38_pp73-manylinux_2_17_x86_64.manylinux2014_x86_64.whl", hash = "sha256:f9006288bcf4895917d02583cf3411f98631275bc67cce355a7f39f8c14338fa"},
    {file = "numpy-1.24.2-pp38-pypy38_pp73-win_amd64.whl", hash = "sha256:150947adbdfeceec4e5926d956a06865c1c690f2fd902efede4ca6fe2e657c3f"},
    {file = "numpy-1.24.2.tar.gz", hash = "sha256:003a9f530e880cb2cd177cba1af7220b9aa42def9c4afc2a2fc3ee6be7eb2b22"},
]

[[package]]
name = "pandas"
version = "1.5.3"
description = "Powerful data structures for data analysis, time series, and statistics"
category = "main"
optional = false
python-versions = ">=3.8"
files = [
    {file = "pandas-1.5.3-cp310-cp310-macosx_10_9_universal2.whl", hash = "sha256:3749077d86e3a2f0ed51367f30bf5b82e131cc0f14260c4d3e499186fccc4406"},
    {file = "pandas-1.5.3-cp310-cp310-macosx_10_9_x86_64.whl", hash = "sha256:972d8a45395f2a2d26733eb8d0f629b2f90bebe8e8eddbb8829b180c09639572"},
    {file = "pandas-1.5.3-cp310-cp310-macosx_11_0_arm64.whl", hash = "sha256:50869a35cbb0f2e0cd5ec04b191e7b12ed688874bd05dd777c19b28cbea90996"},
    {file = "pandas-1.5.3-cp310-cp310-manylinux_2_17_aarch64.manylinux2014_aarch64.whl", hash = "sha256:c3ac844a0fe00bfaeb2c9b51ab1424e5c8744f89860b138434a363b1f620f354"},
    {file = "pandas-1.5.3-cp310-cp310-manylinux_2_17_x86_64.manylinux2014_x86_64.whl", hash = "sha256:7a0a56cef15fd1586726dace5616db75ebcfec9179a3a55e78f72c5639fa2a23"},
    {file = "pandas-1.5.3-cp310-cp310-win_amd64.whl", hash = "sha256:478ff646ca42b20376e4ed3fa2e8d7341e8a63105586efe54fa2508ee087f328"},
    {file = "pandas-1.5.3-cp311-cp311-macosx_10_9_universal2.whl", hash = "sha256:6973549c01ca91ec96199e940495219c887ea815b2083722821f1d7abfa2b4dc"},
    {file = "pandas-1.5.3-cp311-cp311-macosx_10_9_x86_64.whl", hash = "sha256:c39a8da13cede5adcd3be1182883aea1c925476f4e84b2807a46e2775306305d"},
    {file = "pandas-1.5.3-cp311-cp311-macosx_11_0_arm64.whl", hash = "sha256:f76d097d12c82a535fda9dfe5e8dd4127952b45fea9b0276cb30cca5ea313fbc"},
    {file = "pandas-1.5.3-cp311-cp311-manylinux_2_17_aarch64.manylinux2014_aarch64.whl", hash = "sha256:e474390e60ed609cec869b0da796ad94f420bb057d86784191eefc62b65819ae"},
    {file = "pandas-1.5.3-cp311-cp311-manylinux_2_17_x86_64.manylinux2014_x86_64.whl", hash = "sha256:5f2b952406a1588ad4cad5b3f55f520e82e902388a6d5a4a91baa8d38d23c7f6"},
    {file = "pandas-1.5.3-cp311-cp311-win_amd64.whl", hash = "sha256:bc4c368f42b551bf72fac35c5128963a171b40dce866fb066540eeaf46faa003"},
    {file = "pandas-1.5.3-cp38-cp38-macosx_10_9_universal2.whl", hash = "sha256:14e45300521902689a81f3f41386dc86f19b8ba8dd5ac5a3c7010ef8d2932813"},
    {file = "pandas-1.5.3-cp38-cp38-macosx_10_9_x86_64.whl", hash = "sha256:9842b6f4b8479e41968eced654487258ed81df7d1c9b7b870ceea24ed9459b31"},
    {file = "pandas-1.5.3-cp38-cp38-macosx_11_0_arm64.whl", hash = "sha256:26d9c71772c7afb9d5046e6e9cf42d83dd147b5cf5bcb9d97252077118543792"},
    {file = "pandas-1.5.3-cp38-cp38-manylinux_2_17_aarch64.manylinux2014_aarch64.whl", hash = "sha256:5fbcb19d6fceb9e946b3e23258757c7b225ba450990d9ed63ccceeb8cae609f7"},
    {file = "pandas-1.5.3-cp38-cp38-manylinux_2_17_x86_64.manylinux2014_x86_64.whl", hash = "sha256:565fa34a5434d38e9d250af3c12ff931abaf88050551d9fbcdfafca50d62babf"},
    {file = "pandas-1.5.3-cp38-cp38-win32.whl", hash = "sha256:87bd9c03da1ac870a6d2c8902a0e1fd4267ca00f13bc494c9e5a9020920e1d51"},
    {file = "pandas-1.5.3-cp38-cp38-win_amd64.whl", hash = "sha256:41179ce559943d83a9b4bbacb736b04c928b095b5f25dd2b7389eda08f46f373"},
    {file = "pandas-1.5.3-cp39-cp39-macosx_10_9_universal2.whl", hash = "sha256:c74a62747864ed568f5a82a49a23a8d7fe171d0c69038b38cedf0976831296fa"},
    {file = "pandas-1.5.3-cp39-cp39-macosx_10_9_x86_64.whl", hash = "sha256:c4c00e0b0597c8e4f59e8d461f797e5d70b4d025880516a8261b2817c47759ee"},
    {file = "pandas-1.5.3-cp39-cp39-macosx_11_0_arm64.whl", hash = "sha256:a50d9a4336a9621cab7b8eb3fb11adb82de58f9b91d84c2cd526576b881a0c5a"},
    {file = "pandas-1.5.3-cp39-cp39-manylinux_2_17_aarch64.manylinux2014_aarch64.whl", hash = "sha256:dd05f7783b3274aa206a1af06f0ceed3f9b412cf665b7247eacd83be41cf7bf0"},
    {file = "pandas-1.5.3-cp39-cp39-manylinux_2_17_x86_64.manylinux2014_x86_64.whl", hash = "sha256:9f69c4029613de47816b1bb30ff5ac778686688751a5e9c99ad8c7031f6508e5"},
    {file = "pandas-1.5.3-cp39-cp39-win32.whl", hash = "sha256:7cec0bee9f294e5de5bbfc14d0573f65526071029d036b753ee6507d2a21480a"},
    {file = "pandas-1.5.3-cp39-cp39-win_amd64.whl", hash = "sha256:dfd681c5dc216037e0b0a2c821f5ed99ba9f03ebcf119c7dac0e9a7b960b9ec9"},
    {file = "pandas-1.5.3.tar.gz", hash = "sha256:74a3fd7e5a7ec052f183273dc7b0acd3a863edf7520f5d3a1765c04ffdb3b0b1"},
]

[package.dependencies]
numpy = [
    {version = ">=1.20.3", markers = "python_version < \"3.10\""},
    {version = ">=1.21.0", markers = "python_version >= \"3.10\""},
    {version = ">=1.23.2", markers = "python_version >= \"3.11\""},
]
python-dateutil = ">=2.8.1"
pytz = ">=2020.1"

[package.extras]
test = ["hypothesis (>=5.5.3)", "pytest (>=6.0)", "pytest-xdist (>=1.31)"]

[[package]]
name = "pathspec"
version = "0.11.0"
description = "Utility library for gitignore style pattern matching of file paths."
category = "dev"
optional = false
python-versions = ">=3.7"
files = [
    {file = "pathspec-0.11.0-py3-none-any.whl", hash = "sha256:3a66eb970cbac598f9e5ccb5b2cf58930cd8e3ed86d393d541eaf2d8b1705229"},
    {file = "pathspec-0.11.0.tar.gz", hash = "sha256:64d338d4e0914e91c1792321e6907b5a593f1ab1851de7fc269557a21b30ebbc"},
]

[[package]]
name = "pep8-naming"
version = "0.12.1"
description = "Check PEP-8 naming conventions, plugin for flake8"
category = "dev"
optional = false
python-versions = "*"
files = [
    {file = "pep8-naming-0.12.1.tar.gz", hash = "sha256:bb2455947757d162aa4cad55dba4ce029005cd1692f2899a21d51d8630ca7841"},
    {file = "pep8_naming-0.12.1-py2.py3-none-any.whl", hash = "sha256:4a8daeaeb33cfcde779309fc0c9c0a68a3bbe2ad8a8308b763c5068f86eb9f37"},
]

[package.dependencies]
flake8 = ">=3.9.1"
flake8-polyfill = ">=1.0.2,<2"

[[package]]
name = "platformdirs"
version = "3.0.0"
description = "A small Python package for determining appropriate platform-specific dirs, e.g. a \"user data dir\"."
category = "dev"
optional = false
python-versions = ">=3.7"
files = [
    {file = "platformdirs-3.0.0-py3-none-any.whl", hash = "sha256:b1d5eb14f221506f50d6604a561f4c5786d9e80355219694a1b244bcd96f4567"},
    {file = "platformdirs-3.0.0.tar.gz", hash = "sha256:8a1228abb1ef82d788f74139988b137e78692984ec7b08eaa6c65f1723af28f9"},
]

[package.extras]
docs = ["furo (>=2022.12.7)", "proselint (>=0.13)", "sphinx (>=6.1.3)", "sphinx-autodoc-typehints (>=1.22,!=1.23.4)"]
test = ["appdirs (==1.4.4)", "covdefaults (>=2.2.2)", "pytest (>=7.2.1)", "pytest-cov (>=4)", "pytest-mock (>=3.10)"]

[[package]]
name = "plotly"
version = "5.13.0"
description = "An open-source, interactive data visualization library for Python"
category = "main"
optional = false
python-versions = ">=3.6"
files = [
    {file = "plotly-5.13.0-py2.py3-none-any.whl", hash = "sha256:4ac5db72176ce144f1fcde8d1ef7bdbccf5bb7a53e3d366b16fcd7c85319fdfd"},
    {file = "plotly-5.13.0.tar.gz", hash = "sha256:81a3aae4021d5ab91790fc71c3433791f41bfc71586e857f7777f429a955039a"},
]

[package.dependencies]
tenacity = ">=6.2.0"

[[package]]
name = "pycodestyle"
version = "2.8.0"
description = "Python style guide checker"
category = "dev"
optional = false
python-versions = ">=2.7, !=3.0.*, !=3.1.*, !=3.2.*, !=3.3.*, !=3.4.*"
files = [
    {file = "pycodestyle-2.8.0-py2.py3-none-any.whl", hash = "sha256:720f8b39dde8b293825e7ff02c475f3077124006db4f440dcbc9a20b76548a20"},
    {file = "pycodestyle-2.8.0.tar.gz", hash = "sha256:eddd5847ef438ea1c7870ca7eb78a9d47ce0cdb4851a5523949f2601d0cbbe7f"},
]

[[package]]
name = "pyflakes"
version = "2.4.0"
description = "passive checker of Python programs"
category = "dev"
optional = false
python-versions = ">=2.7, !=3.0.*, !=3.1.*, !=3.2.*, !=3.3.*"
files = [
    {file = "pyflakes-2.4.0-py2.py3-none-any.whl", hash = "sha256:3bb3a3f256f4b7968c9c788781e4ff07dce46bdf12339dcda61053375426ee2e"},
    {file = "pyflakes-2.4.0.tar.gz", hash = "sha256:05a85c2872edf37a4ed30b0cce2f6093e1d0581f8c19d7393122da7e25b2b24c"},
]

[[package]]
name = "python-dateutil"
version = "2.8.2"
description = "Extensions to the standard Python datetime module"
category = "main"
optional = false
python-versions = "!=3.0.*,!=3.1.*,!=3.2.*,>=2.7"
files = [
    {file = "python-dateutil-2.8.2.tar.gz", hash = "sha256:0123cacc1627ae19ddf3c27a5de5bd67ee4586fbdd6440d9748f8abb483d3e86"},
    {file = "python_dateutil-2.8.2-py2.py3-none-any.whl", hash = "sha256:961d03dc3453ebbc59dbdea9e4e11c5651520a876d0f4db161e8674aae935da9"},
]

[package.dependencies]
six = ">=1.5"

[[package]]
name = "pytz"
version = "2022.7.1"
description = "World timezone definitions, modern and historical"
category = "main"
optional = false
python-versions = "*"
files = [
    {file = "pytz-2022.7.1-py2.py3-none-any.whl", hash = "sha256:78f4f37d8198e0627c5f1143240bb0206b8691d8d7ac6d78fee88b78733f8c4a"},
    {file = "pytz-2022.7.1.tar.gz", hash = "sha256:01a0681c4b9684a28304615eba55d1ab31ae00bf68ec157ec3708a8182dbbcd0"},
]

[[package]]
name = "pyyaml"
version = "5.4.1"
description = "YAML parser and emitter for Python"
category = "main"
optional = false
python-versions = ">=2.7, !=3.0.*, !=3.1.*, !=3.2.*, !=3.3.*, !=3.4.*, !=3.5.*"
files = [
    {file = "PyYAML-5.4.1-cp27-cp27m-macosx_10_9_x86_64.whl", hash = "sha256:3b2b1824fe7112845700f815ff6a489360226a5609b96ec2190a45e62a9fc922"},
    {file = "PyYAML-5.4.1-cp27-cp27m-win32.whl", hash = "sha256:129def1b7c1bf22faffd67b8f3724645203b79d8f4cc81f674654d9902cb4393"},
    {file = "PyYAML-5.4.1-cp27-cp27m-win_amd64.whl", hash = "sha256:4465124ef1b18d9ace298060f4eccc64b0850899ac4ac53294547536533800c8"},
    {file = "PyYAML-5.4.1-cp27-cp27mu-manylinux1_x86_64.whl", hash = "sha256:bb4191dfc9306777bc594117aee052446b3fa88737cd13b7188d0e7aa8162185"},
    {file = "PyYAML-5.4.1-cp36-cp36m-macosx_10_9_x86_64.whl", hash = "sha256:6c78645d400265a062508ae399b60b8c167bf003db364ecb26dcab2bda048253"},
    {file = "PyYAML-5.4.1-cp36-cp36m-manylinux1_x86_64.whl", hash = "sha256:4e0583d24c881e14342eaf4ec5fbc97f934b999a6828693a99157fde912540cc"},
    {file = "PyYAML-5.4.1-cp36-cp36m-manylinux2014_aarch64.whl", hash = "sha256:72a01f726a9c7851ca9bfad6fd09ca4e090a023c00945ea05ba1638c09dc3347"},
    {file = "PyYAML-5.4.1-cp36-cp36m-manylinux2014_s390x.whl", hash = "sha256:895f61ef02e8fed38159bb70f7e100e00f471eae2bc838cd0f4ebb21e28f8541"},
    {file = "PyYAML-5.4.1-cp36-cp36m-win32.whl", hash = "sha256:3bd0e463264cf257d1ffd2e40223b197271046d09dadf73a0fe82b9c1fc385a5"},
    {file = "PyYAML-5.4.1-cp36-cp36m-win_amd64.whl", hash = "sha256:e4fac90784481d221a8e4b1162afa7c47ed953be40d31ab4629ae917510051df"},
    {file = "PyYAML-5.4.1-cp37-cp37m-macosx_10_9_x86_64.whl", hash = "sha256:5accb17103e43963b80e6f837831f38d314a0495500067cb25afab2e8d7a4018"},
    {file = "PyYAML-5.4.1-cp37-cp37m-manylinux1_x86_64.whl", hash = "sha256:e1d4970ea66be07ae37a3c2e48b5ec63f7ba6804bdddfdbd3cfd954d25a82e63"},
    {file = "PyYAML-5.4.1-cp37-cp37m-manylinux2014_aarch64.whl", hash = "sha256:cb333c16912324fd5f769fff6bc5de372e9e7a202247b48870bc251ed40239aa"},
    {file = "PyYAML-5.4.1-cp37-cp37m-manylinux2014_s390x.whl", hash = "sha256:fe69978f3f768926cfa37b867e3843918e012cf83f680806599ddce33c2c68b0"},
    {file = "PyYAML-5.4.1-cp37-cp37m-win32.whl", hash = "sha256:dd5de0646207f053eb0d6c74ae45ba98c3395a571a2891858e87df7c9b9bd51b"},
    {file = "PyYAML-5.4.1-cp37-cp37m-win_amd64.whl", hash = "sha256:08682f6b72c722394747bddaf0aa62277e02557c0fd1c42cb853016a38f8dedf"},
    {file = "PyYAML-5.4.1-cp38-cp38-macosx_10_9_x86_64.whl", hash = "sha256:d2d9808ea7b4af864f35ea216be506ecec180628aced0704e34aca0b040ffe46"},
    {file = "PyYAML-5.4.1-cp38-cp38-manylinux1_x86_64.whl", hash = "sha256:8c1be557ee92a20f184922c7b6424e8ab6691788e6d86137c5d93c1a6ec1b8fb"},
    {file = "PyYAML-5.4.1-cp38-cp38-manylinux2014_aarch64.whl", hash = "sha256:fd7f6999a8070df521b6384004ef42833b9bd62cfee11a09bda1079b4b704247"},
    {file = "PyYAML-5.4.1-cp38-cp38-manylinux2014_s390x.whl", hash = "sha256:bfb51918d4ff3d77c1c856a9699f8492c612cde32fd3bcd344af9be34999bfdc"},
    {file = "PyYAML-5.4.1-cp38-cp38-win32.whl", hash = "sha256:fa5ae20527d8e831e8230cbffd9f8fe952815b2b7dae6ffec25318803a7528fc"},
    {file = "PyYAML-5.4.1-cp38-cp38-win_amd64.whl", hash = "sha256:0f5f5786c0e09baddcd8b4b45f20a7b5d61a7e7e99846e3c799b05c7c53fa696"},
    {file = "PyYAML-5.4.1-cp39-cp39-macosx_10_9_x86_64.whl", hash = "sha256:294db365efa064d00b8d1ef65d8ea2c3426ac366c0c4368d930bf1c5fb497f77"},
    {file = "PyYAML-5.4.1-cp39-cp39-manylinux1_x86_64.whl", hash = "sha256:74c1485f7707cf707a7aef42ef6322b8f97921bd89be2ab6317fd782c2d53183"},
    {file = "PyYAML-5.4.1-cp39-cp39-manylinux2014_aarch64.whl", hash = "sha256:d483ad4e639292c90170eb6f7783ad19490e7a8defb3e46f97dfe4bacae89122"},
    {file = "PyYAML-5.4.1-cp39-cp39-manylinux2014_s390x.whl", hash = "sha256:fdc842473cd33f45ff6bce46aea678a54e3d21f1b61a7750ce3c498eedfe25d6"},
    {file = "PyYAML-5.4.1-cp39-cp39-win32.whl", hash = "sha256:49d4cdd9065b9b6e206d0595fee27a96b5dd22618e7520c33204a4a3239d5b10"},
    {file = "PyYAML-5.4.1-cp39-cp39-win_amd64.whl", hash = "sha256:c20cfa2d49991c8b4147af39859b167664f2ad4561704ee74c1de03318e898db"},
    {file = "PyYAML-5.4.1.tar.gz", hash = "sha256:607774cbba28732bfa802b54baa7484215f530991055bb562efbed5b2f20a45e"},
]

[[package]]
name = "simplejson"
version = "3.18.3"
description = "Simple, fast, extensible JSON encoder/decoder for Python"
category = "main"
optional = false
python-versions = ">=2.5, !=3.0.*, !=3.1.*, !=3.2.*"
files = [
    {file = "simplejson-3.18.3-cp27-cp27m-macosx_10_9_x86_64.whl", hash = "sha256:50f4b6d52f3a2d1cffd11834a1fe7f9516f0e3f20cbe78027aa88ff990fad7d6"},
    {file = "simplejson-3.18.3-cp27-cp27m-manylinux1_i686.whl", hash = "sha256:169c2c7446ef33439c304a6aa5b7b5a2dbc938c9c2dd882dd3f2553f9518ebf6"},
    {file = "simplejson-3.18.3-cp27-cp27m-manylinux1_x86_64.whl", hash = "sha256:56f186d44a9f625b5e5d9ba4b9551e263604000a7df60cb373b3e789ca603b2a"},
    {file = "simplejson-3.18.3-cp27-cp27m-manylinux2010_i686.whl", hash = "sha256:cf7168b2046db0eceb83d8ed2ee31c0847ce18b2d8baf3e93de9560f3921a8c3"},
    {file = "simplejson-3.18.3-cp27-cp27m-manylinux2010_x86_64.whl", hash = "sha256:55df3dfd8777bf134e1078d2f195352432a77f23ccb90b92b08218123d56adc9"},
    {file = "simplejson-3.18.3-cp27-cp27mu-manylinux1_i686.whl", hash = "sha256:6b997739fdbc9b7030ff490fc8e5f8c144b8ec80f3605eff643983672bb8cfde"},
    {file = "simplejson-3.18.3-cp27-cp27mu-manylinux1_x86_64.whl", hash = "sha256:c98fddc374468158778a8afb3fd7296412a2b2fc34cebba64212ac3e018e7382"},
    {file = "simplejson-3.18.3-cp27-cp27mu-manylinux2010_i686.whl", hash = "sha256:55aa983575b0aef143845f5bfbb35075475eccaebf7d4b30f4037a2fe8414666"},
    {file = "simplejson-3.18.3-cp27-cp27mu-manylinux2010_x86_64.whl", hash = "sha256:1b79e2607ac5ba98381c2e068727acc1e4dd385a6d216914c0613f8f568a06a5"},
    {file = "simplejson-3.18.3-cp310-cp310-macosx_10_9_universal2.whl", hash = "sha256:b0352428b35da859a98770949e7353866ae65463026f1c8e4c89a6395d4b5fd7"},
    {file = "simplejson-3.18.3-cp310-cp310-macosx_10_9_x86_64.whl", hash = "sha256:eb81cfef0c0039010f0212f4e5eb6909641b8a54c761584054ac97fd7bd0c21a"},
    {file = "simplejson-3.18.3-cp310-cp310-macosx_11_0_arm64.whl", hash = "sha256:e762e9d8556fa9f3a99f8a278eeba50a35b5f554b82deeb282ddbdd85816e638"},
    {file = "simplejson-3.18.3-cp310-cp310-manylinux_2_17_aarch64.manylinux2014_aarch64.whl", hash = "sha256:fc8df5831b645e96a318ea51a66ce6e2bb869eebc3fa9a860bbf67aecd270055"},
    {file = "simplejson-3.18.3-cp310-cp310-manylinux_2_5_i686.manylinux1_i686.manylinux_2_17_i686.manylinux2014_i686.whl", hash = "sha256:14b35fb90083218e59df5dba733c7086655f2938f3fcabe36ad849623941d660"},
    {file = "simplejson-3.18.3-cp310-cp310-manylinux_2_5_x86_64.manylinux1_x86_64.manylinux_2_17_x86_64.manylinux2014_x86_64.whl", hash = "sha256:f89f078114cacedb9a3392615cc099cf02a51efa7507f90e2006bf7ec38c880d"},
    {file = "simplejson-3.18.3-cp310-cp310-musllinux_1_1_aarch64.whl", hash = "sha256:a2960b95f3ba822d077d1afa7e1fea9799cfb2990028cf010e666f64195ecb5a"},
    {file = "simplejson-3.18.3-cp310-cp310-musllinux_1_1_i686.whl", hash = "sha256:96ade36640734b54176c4765d00a60767bd7fae5b7a5b3574accc055ac18e34c"},
    {file = "simplejson-3.18.3-cp310-cp310-musllinux_1_1_x86_64.whl", hash = "sha256:6c4c56c5abb82e22877b913186e5c0fd7d9eef0c930719e28fa451d3f11defb4"},
    {file = "simplejson-3.18.3-cp310-cp310-win32.whl", hash = "sha256:8209c40279ed9b2cd5fbe2d617a29a074e90ea97fce7c07a0128a01cb3e8afc5"},
    {file = "simplejson-3.18.3-cp310-cp310-win_amd64.whl", hash = "sha256:6a49665169c18f27a0fc10935466332ee7406ee14ced8dc0a1b4d465547299aa"},
    {file = "simplejson-3.18.3-cp311-cp311-macosx_10_9_universal2.whl", hash = "sha256:508342d7227ed66beecfbba7a38b46e1a713faeb034216f43f03ec5c175e0622"},
    {file = "simplejson-3.18.3-cp311-cp311-macosx_10_9_x86_64.whl", hash = "sha256:070ab073ce72f1624107dfd6d095c87ac32aafe7ba54a5c5055a3dd83cb06e51"},
    {file = "simplejson-3.18.3-cp311-cp311-macosx_11_0_arm64.whl", hash = "sha256:88f59a07873dc1f06fd9e6712dd71286f1b297a066ad2fd9110ad080d3cb011c"},
    {file = "simplejson-3.18.3-cp311-cp311-manylinux_2_17_aarch64.manylinux2014_aarch64.whl", hash = "sha256:5780e3929435a8d39671537174f8ce0ccafb4f6e0c748ffe139916ffbdca39d3"},
    {file = "simplejson-3.18.3-cp311-cp311-manylinux_2_5_i686.manylinux1_i686.manylinux_2_17_i686.manylinux2014_i686.whl", hash = "sha256:2be75f4cb9951efeb2616e16f944ee4f9a09768475a3f5c40a6ac4dc5ee68dfd"},
    {file = "simplejson-3.18.3-cp311-cp311-manylinux_2_5_x86_64.manylinux1_x86_64.manylinux_2_17_x86_64.manylinux2014_x86_64.whl", hash = "sha256:1e49c84df6e71e3c23169d3df481565dd607cbee4aa1e0af15c493cccad7c745"},
    {file = "simplejson-3.18.3-cp311-cp311-musllinux_1_1_aarch64.whl", hash = "sha256:ab5bdf0b8d07f7fd603b2d0c1982412cd9f8ade997088ddced251f7e656c7fd4"},
    {file = "simplejson-3.18.3-cp311-cp311-musllinux_1_1_i686.whl", hash = "sha256:141782a0a25c1792627575b37b4951583358ccc7137623aa45947f8425ee8d96"},
    {file = "simplejson-3.18.3-cp311-cp311-musllinux_1_1_x86_64.whl", hash = "sha256:24823364fee93bab141621b3a2e10612e31be7ca58788bf9b2cd2b1ce37ab07d"},
    {file = "simplejson-3.18.3-cp311-cp311-win32.whl", hash = "sha256:f73bae5e315adf7bc8cb7f0a13a1e9e33bead42e8ce174be83ac9ecc2513c86a"},
    {file = "simplejson-3.18.3-cp311-cp311-win_amd64.whl", hash = "sha256:063db62a9251e61ea0c17e49c3e7bed465bfcc5359655abcb8c0bc6130a4e0d4"},
    {file = "simplejson-3.18.3-cp36-cp36m-macosx_10_9_x86_64.whl", hash = "sha256:3bab9ea49ff477c926c5787f79ec47cf51c7ffb15c9d8dd0f09e728807d44f4b"},
    {file = "simplejson-3.18.3-cp36-cp36m-manylinux_2_17_aarch64.manylinux2014_aarch64.whl", hash = "sha256:9cf299fbb7d476676dfea372a3262654af98694bd1df35b060ce0fe1b68087f1"},
    {file = "simplejson-3.18.3-cp36-cp36m-manylinux_2_5_i686.manylinux1_i686.manylinux_2_17_i686.manylinux2014_i686.whl", hash = "sha256:62628ea5df8c830d00a7417d5ecd949a1b24a8d0a5063a2a77f7ec7522110a0f"},
    {file = "simplejson-3.18.3-cp36-cp36m-manylinux_2_5_x86_64.manylinux1_x86_64.manylinux_2_17_x86_64.manylinux2014_x86_64.whl", hash = "sha256:7ff65b475091084e5bdb7f26e9c555956be7355b573ce494fa96f9f8e34541ac"},
    {file = "simplejson-3.18.3-cp36-cp36m-musllinux_1_1_aarch64.whl", hash = "sha256:2b0f6de11f5ce4b80f51bc49d08b898602e190547f8efe4e44af8ae3cda7779d"},
    {file = "simplejson-3.18.3-cp36-cp36m-musllinux_1_1_i686.whl", hash = "sha256:d990ea42ba908cb57a3df97d283aa26c1822f10a0a60e250b54ee21cd08c48d0"},
    {file = "simplejson-3.18.3-cp36-cp36m-musllinux_1_1_x86_64.whl", hash = "sha256:2c7ee643ee93684bf76196e2d84a2090c6df8f01737a016e869b579593827b6e"},
    {file = "simplejson-3.18.3-cp36-cp36m-win32.whl", hash = "sha256:0e7c3fae6c9540064e06a653780b4f263675cd69ca6841345029fee3e27e9bb5"},
    {file = "simplejson-3.18.3-cp36-cp36m-win_amd64.whl", hash = "sha256:0baf8c60efef74944ed4adb034d14bcf737731576f0e4c3c56fb875ea256af69"},
    {file = "simplejson-3.18.3-cp37-cp37m-macosx_10_9_x86_64.whl", hash = "sha256:52465a5578cfc2c5e374a574df14dfb75e04c6cb6a100b7abc8bf6c89bea8f5e"},
    {file = "simplejson-3.18.3-cp37-cp37m-manylinux_2_17_aarch64.manylinux2014_aarch64.whl", hash = "sha256:6fe1173b4146641c872bafa6f9a21f3a2012f502d54fbb523a76e6320024fae9"},
    {file = "simplejson-3.18.3-cp37-cp37m-manylinux_2_5_i686.manylinux1_i686.manylinux_2_17_i686.manylinux2014_i686.whl", hash = "sha256:23fce984045804194f513a2739dcd82be350198470d5ade5058da019a48cf3f8"},
    {file = "simplejson-3.18.3-cp37-cp37m-manylinux_2_5_x86_64.manylinux1_x86_64.manylinux_2_17_x86_64.manylinux2014_x86_64.whl", hash = "sha256:aad323e92cb1bd3b1db6f57c007dca964d13c52247ad844203ce381e94066601"},
    {file = "simplejson-3.18.3-cp37-cp37m-musllinux_1_1_aarch64.whl", hash = "sha256:7c26fe63755ecc59c502ddde8e58ce8b765bf4fdd3f5858d2b7c8ab28bc2a9c8"},
    {file = "simplejson-3.18.3-cp37-cp37m-musllinux_1_1_i686.whl", hash = "sha256:502d86fbfe914263642479b87ed61af3b27b9e039df77acd2416cfccfc892e68"},
    {file = "simplejson-3.18.3-cp37-cp37m-musllinux_1_1_x86_64.whl", hash = "sha256:44d6c52d4f5c0c087a6e88a92bf9f94234321d21be32c6471ba39856e304bbe3"},
    {file = "simplejson-3.18.3-cp37-cp37m-win32.whl", hash = "sha256:2a1b3222bc8f6ac91b5ebe3263111c7dc4dc4b01c52f0153f5bb1f3ef3bf0023"},
    {file = "simplejson-3.18.3-cp37-cp37m-win_amd64.whl", hash = "sha256:1907d49d70c75530976119c13785db91168d2599288debaca7d25da9cd2f3747"},
    {file = "simplejson-3.18.3-cp38-cp38-macosx_10_9_universal2.whl", hash = "sha256:04a4b9a297cccbc9e1d66fe652fbffd55b36d6579c43132e821d315957302194"},
    {file = "simplejson-3.18.3-cp38-cp38-macosx_10_9_x86_64.whl", hash = "sha256:16cc750d19852fa5ebafd55da86fa357f87991e07b4e2afb37a5975dfdde0153"},
    {file = "simplejson-3.18.3-cp38-cp38-macosx_11_0_arm64.whl", hash = "sha256:290bbcdcbb37af3f7e43378f592ab7a9168fca640da6af63d42cdb535f96bbf2"},
    {file = "simplejson-3.18.3-cp38-cp38-manylinux_2_17_aarch64.manylinux2014_aarch64.whl", hash = "sha256:694332fd6fd10fe8868c2508583220d1a1a7be9ff049dab5bd6b9aedfb9edc50"},
    {file = "simplejson-3.18.3-cp38-cp38-manylinux_2_5_i686.manylinux1_i686.manylinux_2_17_i686.manylinux2014_i686.whl", hash = "sha256:f9f72d2b539512f382a48cc9ad6cea2d3a572e71e92c40e03d2140041eeaa233"},
    {file = "simplejson-3.18.3-cp38-cp38-manylinux_2_5_x86_64.manylinux1_x86_64.manylinux_2_17_x86_64.manylinux2014_x86_64.whl", hash = "sha256:bcd9eac304a133ee4af58e68c5ded4c5ba663d3ee4602e8613359b776a1f8c8f"},
    {file = "simplejson-3.18.3-cp38-cp38-musllinux_1_1_aarch64.whl", hash = "sha256:cde5a3ff5e0bd5d6da676314dfae86c9e99bff77bca03d30223c9718a58f9e83"},
    {file = "simplejson-3.18.3-cp38-cp38-musllinux_1_1_i686.whl", hash = "sha256:099bbd3b5b4ea83159a980348cd481a34984dee5fe1b9fac31a9137158f46960"},
    {file = "simplejson-3.18.3-cp38-cp38-musllinux_1_1_x86_64.whl", hash = "sha256:4de9fed1166aeedee44150fa83bc059aca6b612940281f8b5a39374781f16196"},
    {file = "simplejson-3.18.3-cp38-cp38-win32.whl", hash = "sha256:59a629240cfbc5b4f390a8578dca74ae77ab617de971862acb946822d2eb1b11"},
    {file = "simplejson-3.18.3-cp38-cp38-win_amd64.whl", hash = "sha256:5b009342e712026ffabe8a471d5b4a4ff2a038687387e74eae601574c04dae33"},
    {file = "simplejson-3.18.3-cp39-cp39-macosx_10_9_universal2.whl", hash = "sha256:6bd81d10cb3384f64242316da8a2b2f88618776bc1ef38bcc79f1afe8ad36616"},
    {file = "simplejson-3.18.3-cp39-cp39-macosx_10_9_x86_64.whl", hash = "sha256:c3b696770b504f881f271f97b94a687487ec1ef20bfbd5f20d92bbab7a85952d"},
    {file = "simplejson-3.18.3-cp39-cp39-macosx_11_0_arm64.whl", hash = "sha256:75eb555dc349d0cbe2c95ea2be665b306c6ac6d5b64e3a3920af9b805ecdb5f7"},
    {file = "simplejson-3.18.3-cp39-cp39-manylinux_2_17_aarch64.manylinux2014_aarch64.whl", hash = "sha256:d774782159347d66563cd7ac18b9dd37010438a825160cde4818caa18110a746"},
    {file = "simplejson-3.18.3-cp39-cp39-manylinux_2_5_i686.manylinux1_i686.manylinux_2_17_i686.manylinux2014_i686.whl", hash = "sha256:b2c4e8b65987f3c6529149495d28e23efe213e94dc3659176c4ab22d18a9ee4a"},
    {file = "simplejson-3.18.3-cp39-cp39-manylinux_2_5_x86_64.manylinux1_x86_64.manylinux_2_17_x86_64.manylinux2014_x86_64.whl", hash = "sha256:e8a4750e8db92109e6f1f7783a7faae4254d6d5dc28a41ff7eff7d2265f0586b"},
    {file = "simplejson-3.18.3-cp39-cp39-musllinux_1_1_aarch64.whl", hash = "sha256:4b8d4d958c5ab3489d1174917a7fad82da642560c39ce559a624e63deaaa36b1"},
    {file = "simplejson-3.18.3-cp39-cp39-musllinux_1_1_i686.whl", hash = "sha256:efa70fd9b6c7b57b048ecadb909683acd535cddebc5b22f3c05ba3b369739caf"},
    {file = "simplejson-3.18.3-cp39-cp39-musllinux_1_1_x86_64.whl", hash = "sha256:7e73d9d6af3c29b60a92e28b3144d951110f59a3d05fc402c3f6c5248b883400"},
    {file = "simplejson-3.18.3-cp39-cp39-win32.whl", hash = "sha256:a80bd9a3db88a76a401155c64e3499376c702307c2206cb381cc2a8dd9cc4f1f"},
    {file = "simplejson-3.18.3-cp39-cp39-win_amd64.whl", hash = "sha256:c4514675f6571da8190fea52a110bca686fa844972e8b2b3bc07ace9e632ee4f"},
    {file = "simplejson-3.18.3-py3-none-any.whl", hash = "sha256:37bdef13412c0bc338db2993a38f3911d5bd2a0ba8d00b3bc66d1063edd7c33e"},
    {file = "simplejson-3.18.3.tar.gz", hash = "sha256:ebb53837c5ffcb6100646018565d3f1afed6f4b185b14b2c9cbccf874fe40157"},
]

[[package]]
name = "six"
version = "1.16.0"
description = "Python 2 and 3 compatibility utilities"
category = "main"
optional = false
python-versions = ">=2.7, !=3.0.*, !=3.1.*, !=3.2.*"
files = [
    {file = "six-1.16.0-py2.py3-none-any.whl", hash = "sha256:8abb2f1d86890a2dfb989f9a77cfcfd3e47c2a354b01111771326f8aa26e0254"},
    {file = "six-1.16.0.tar.gz", hash = "sha256:1e61c37477a1626458e36f7b1d82aa5c9b094fa4802892072e49de9c60c4c926"},
]

[[package]]
name = "tenacity"
version = "8.2.1"
description = "Retry code until it succeeds"
category = "main"
optional = false
python-versions = ">=3.6"
files = [
    {file = "tenacity-8.2.1-py3-none-any.whl", hash = "sha256:dd1b769ca7002fda992322939feca5bee4fa11f39146b0af14e0b8d9f27ea854"},
    {file = "tenacity-8.2.1.tar.gz", hash = "sha256:c7bb4b86425b977726a7b49971542d4f67baf72096597d283f3ffd01f33b92df"},
]

[package.extras]
doc = ["reno", "sphinx", "tornado (>=4.5)"]

[[package]]
name = "termcolor"
version = "1.1.0"
description = "ANSII Color formatting for output in terminal."
category = "main"
optional = false
python-versions = "*"
files = [
    {file = "termcolor-1.1.0.tar.gz", hash = "sha256:1d6d69ce66211143803fbc56652b41d73b4a400a2891d7bf7a1cdf4c02de613b"},
]

[[package]]
name = "toml"
version = "0.10.2"
description = "Python Library for Tom's Obvious, Minimal Language"
category = "main"
optional = false
python-versions = ">=2.6, !=3.0.*, !=3.1.*, !=3.2.*"
files = [
    {file = "toml-0.10.2-py2.py3-none-any.whl", hash = "sha256:806143ae5bfb6a3c6e736a764057db0e6a0e05e338b5630894a5f779cabb4f9b"},
    {file = "toml-0.10.2.tar.gz", hash = "sha256:b3bda1d108d5dd99f4a20d24d9c348e91c4db7ab1b749200bded2f839ccbe68f"},
]

[[package]]
name = "tomli"
version = "2.0.1"
description = "A lil' TOML parser"
category = "dev"
optional = false
python-versions = ">=3.7"
files = [
    {file = "tomli-2.0.1-py3-none-any.whl", hash = "sha256:939de3e7a6161af0c887ef91b7d41a53e7c5a1ca976325f429cb46ea9bc30ecc"},
    {file = "tomli-2.0.1.tar.gz", hash = "sha256:de526c12914f0c550d15924c62d72abc48d6fe7364aa87328337a31007fe8a4f"},
]

[[package]]
name = "typing-extensions"
version = "4.5.0"
description = "Backported and Experimental Type Hints for Python 3.7+"
category = "dev"
optional = false
python-versions = ">=3.7"
files = [
    {file = "typing_extensions-4.5.0-py3-none-any.whl", hash = "sha256:fb33085c39dd998ac16d1431ebc293a8b3eedd00fd4a32de0ff79002c19511b4"},
    {file = "typing_extensions-4.5.0.tar.gz", hash = "sha256:5cb5f4a79139d699607b3ef622a1dedafa84e115ab0024e0d9c044a9479ca7cb"},
]

[metadata]
lock-version = "2.0"
python-versions = "^3.8"
content-hash = "7cb5e9baaec23ec0bfc9a29d6d59a965b55573dd10834ebea3546c6fd1fe6338"
