# generated by rye
# use `rye lock` or `rye sync` to update this lockfile
#
# last locked with the following flags:
#   pre: false
#   features: []
#   all-features: false
#   with-sources: false

-e file:.
annotated-types==0.6.0
    # via pydantic
black==24.2.0
click==8.1.7
    # via black
    # via driving-log-replayer
exceptiongroup==1.2.0
    # via pytest
iniconfig==2.0.0
    # via pytest
kaleido==0.2.1
    # via driving-log-replayer
mypy-extensions==1.0.0
    # via black
natsort==8.4.0
    # via driving-log-replayer
numpy==1.26.4
    # via pandas
packaging==23.2
    # via black
    # via plotly
    # via pytest
pandas==2.2.0
    # via driving-log-replayer
pathspec==0.12.1
    # via black
platformdirs==4.2.0
    # via black
plotly==5.19.0
    # via driving-log-replayer
pluggy==1.4.0
    # via pytest
pydantic==2.6.1
    # via driving-log-replayer
pydantic-core==2.16.2
    # via pydantic
pytest==8.1.1
python-dateutil==2.8.2
    # via pandas
pytz==2024.1
    # via pandas
pyyaml==6.0.1
    # via driving-log-replayer
ruff==0.2.1
simplejson==3.19.2
    # via driving-log-replayer
six==1.16.0
    # via python-dateutil
tenacity==8.2.3
    # via plotly
termcolor==2.4.0
    # via driving-log-replayer
toml==0.10.2
    # via driving-log-replayer
tomli==2.0.1
    # via black
    # via pytest
typing-extensions==4.9.0
    # via black
    # via pydantic
    # via pydantic-core
tzdata==2024.1
    # via pandas
