# generated by rye
# use `rye lock` or `rye sync` to update this lockfile
#
# last locked with the following flags:
#   pre: false
#   features: []
#   all-features: false
#   with-sources: false

-e file:.
annotated-types==0.6.0
    # via pydantic
click==8.1.7
    # via driving-log-replayer
kaleido==0.2.1
    # via driving-log-replayer
natsort==8.4.0
    # via driving-log-replayer
numpy==1.26.4
    # via pandas
packaging==23.2
    # via plotly
pandas==2.2.0
    # via driving-log-replayer
plotly==5.19.0
    # via driving-log-replayer
pydantic==2.6.1
    # via driving-log-replayer
pydantic-core==2.16.2
    # via pydantic
python-dateutil==2.8.2
    # via pandas
pytz==2024.1
    # via pandas
pyyaml==6.0.1
    # via driving-log-replayer
simplejson==3.19.2
    # via driving-log-replayer
six==1.16.0
    # via python-dateutil
tenacity==8.2.3
    # via plotly
termcolor==2.4.0
    # via driving-log-replayer
toml==0.10.2
    # via driving-log-replayer
typing-extensions==4.9.0
    # via pydantic
    # via pydantic-core
tzdata==2024.1
    # via pandas
